
Microsoft Visual Studio Solution File, Format Version 12.00
# Visual Studio Version 16
VisualStudioVersion = 16.0.31829.152
MinimumVisualStudioVersion = 10.0.40219.1
Project("{8BC9CEB8-8B4A-11D0-8D11-00A0C91BC942}") = "DS Project (Bictoin POW)", "DS Project (Bictoin POW).vcxproj", "{B45BE48A-7EA0-46FA-9F22-B67656151869}"
EndProject
Global
	GlobalSection(SolutionConfigurationPlatforms) = preSolution
		Debug|x64 = Debug|x64
		Debug|x86 = Debug|x86
		Release|x64 = Release|x64
		Release|x86 = Release|x86
	EndGlobalSection
	GlobalSection(ProjectConfigurationPlatforms) = postSolution
		{B45BE48A-7EA0-46FA-9F22-B67656151869}.Debug|x64.ActiveCfg = Debug|x64
		{B45BE48A-7EA0-46FA-9F22-B67656151869}.Debug|x64.Build.0 = Debug|x64
		{B45BE48A-7EA0-46FA-9F22-B67656151869}.Debug|x86.ActiveCfg = Debug|Win32
		{B45BE48A-7EA0-46FA-9F22-B67656151869}.Debug|x86.Build.0 = Debug|Win32
		{B45BE48A-7EA0-46FA-9F22-B67656151869}.Release|x64.ActiveCfg = Release|x64
		{B45BE48A-7EA0-46FA-9F22-B67656151869}.Release|x64.Build.0 = Release|x64
		{B45BE48A-7EA0-46FA-9F22-B67656151869}.Release|x86.ActiveCfg = Release|Win32
		{B45BE48A-7EA0-46FA-9F22-B67656151869}.Release|x86.Build.0 = Release|Win32
	EndGlobalSection
	GlobalSection(SolutionProperties) = preSolution
		HideSolutionNode = FALSE
	EndGlobalSection
	GlobalSection(ExtensibilityGlobals) = postSolution
		SolutionGuid = {EAA2A87D-8E54-4489-A192-AA290A3C0B07}
	EndGlobalSection
EndGlobal
